
Microsoft Visual Studio Solution File, Format Version 12.00
# Visual Studio Version 17
VisualStudioVersion = 17.0.31903.59
MinimumVisualStudioVersion = 10.0.40219.1
Project("{FAE04EC0-301F-11D3-BF4B-00C04F79EFBC}") = "StoryPlatform.DAL", "StoryPlatform.DAL\StoryPlatform.DAL.csproj", "{85E9791C-48AD-4550-8EE7-3CC7051CE240}"
EndProject
Project("{FAE04EC0-301F-11D3-BF4B-00C04F79EFBC}") = "StoryPlatform.BLL", "StoryPlatform.BLL\StoryPlatform.BLL.csproj", "{C423AC63-3A82-4F43-8097-A5361B1D4961}"
EndProject
Project("{FAE04EC0-301F-11D3-BF4B-00C04F79EFBC}") = "StoryPlatform.API", "StoryPlatform.API\StoryPlatform.API.csproj", "{9D2B0997-FD61-46A5-91CA-DFFD9C463C7A}"
EndProject
Global
	GlobalSection(SolutionConfigurationPlatforms) = preSolution
		Debug|Any CPU = Debug|Any CPU
		Debug|x64 = Debug|x64
		Debug|x86 = Debug|x86
		Release|Any CPU = Release|Any CPU
		Release|x64 = Release|x64
		Release|x86 = Release|x86
	EndGlobalSection
	GlobalSection(ProjectConfigurationPlatforms) = postSolution
		{85E9791C-48AD-4550-8EE7-3CC7051CE240}.Debug|Any CPU.ActiveCfg = Debug|Any CPU
		{85E9791C-48AD-4550-8EE7-3CC7051CE240}.Debug|Any CPU.Build.0 = Debug|Any CPU
		{85E9791C-48AD-4550-8EE7-3CC7051CE240}.Debug|x64.ActiveCfg = Debug|Any CPU
		{85E9791C-48AD-4550-8EE7-3CC7051CE240}.Debug|x64.Build.0 = Debug|Any CPU
		{85E9791C-48AD-4550-8EE7-3CC7051CE240}.Debug|x86.ActiveCfg = Debug|Any CPU
		{85E9791C-48AD-4550-8EE7-3CC7051CE240}.Debug|x86.Build.0 = Debug|Any CPU
		{85E9791C-48AD-4550-8EE7-3CC7051CE240}.Release|Any CPU.ActiveCfg = Release|Any CPU
		{85E9791C-48AD-4550-8EE7-3CC7051CE240}.Release|Any CPU.Build.0 = Release|Any CPU
		{85E9791C-48AD-4550-8EE7-3CC7051CE240}.Release|x64.ActiveCfg = Release|Any CPU
		{85E9791C-48AD-4550-8EE7-3CC7051CE240}.Release|x64.Build.0 = Release|Any CPU
		{85E9791C-48AD-4550-8EE7-3CC7051CE240}.Release|x86.ActiveCfg = Release|Any CPU
		{85E9791C-48AD-4550-8EE7-3CC7051CE240}.Release|x86.Build.0 = Release|Any CPU
		{C423AC63-3A82-4F43-8097-A5361B1D4961}.Debug|Any CPU.ActiveCfg = Debug|Any CPU
		{C423AC63-3A82-4F43-8097-A5361B1D4961}.Debug|Any CPU.Build.0 = Debug|Any CPU
		{C423AC63-3A82-4F43-8097-A5361B1D4961}.Debug|x64.ActiveCfg = Debug|Any CPU
		{C423AC63-3A82-4F43-8097-A5361B1D4961}.Debug|x64.Build.0 = Debug|Any CPU
		{C423AC63-3A82-4F43-8097-A5361B1D4961}.Debug|x86.ActiveCfg = Debug|Any CPU
		{C423AC63-3A82-4F43-8097-A5361B1D4961}.Debug|x86.Build.0 = Debug|Any CPU
		{C423AC63-3A82-4F43-8097-A5361B1D4961}.Release|Any CPU.ActiveCfg = Release|Any CPU
		{C423AC63-3A82-4F43-8097-A5361B1D4961}.Release|Any CPU.Build.0 = Release|Any CPU
		{C423AC63-3A82-4F43-8097-A5361B1D4961}.Release|x64.ActiveCfg = Release|Any CPU
		{C423AC63-3A82-4F43-8097-A5361B1D4961}.Release|x64.Build.0 = Release|Any CPU
		{C423AC63-3A82-4F43-8097-A5361B1D4961}.Release|x86.ActiveCfg = Release|Any CPU
		{C423AC63-3A82-4F43-8097-A5361B1D4961}.Release|x86.Build.0 = Release|Any CPU
		{9D2B0997-FD61-46A5-91CA-DFFD9C463C7A}.Debug|Any CPU.ActiveCfg = Debug|Any CPU
		{9D2B0997-FD61-46A5-91CA-DFFD9C463C7A}.Debug|Any CPU.Build.0 = Debug|Any CPU
		{9D2B0997-FD61-46A5-91CA-DFFD9C463C7A}.Debug|x64.ActiveCfg = Debug|Any CPU
		{9D2B0997-FD61-46A5-91CA-DFFD9C463C7A}.Debug|x64.Build.0 = Debug|Any CPU
		{9D2B0997-FD61-46A5-91CA-DFFD9C463C7A}.Debug|x86.ActiveCfg = Debug|Any CPU
		{9D2B0997-FD61-46A5-91CA-DFFD9C463C7A}.Debug|x86.Build.0 = Debug|Any CPU
		{9D2B0997-FD61-46A5-91CA-DFFD9C463C7A}.Release|Any CPU.ActiveCfg = Release|Any CPU
		{9D2B0997-FD61-46A5-91CA-DFFD9C463C7A}.Release|Any CPU.Build.0 = Release|Any CPU
		{9D2B0997-FD61-46A5-91CA-DFFD9C463C7A}.Release|x64.ActiveCfg = Release|Any CPU
		{9D2B0997-FD61-46A5-91CA-DFFD9C463C7A}.Release|x64.Build.0 = Release|Any CPU
		{9D2B0997-FD61-46A5-91CA-DFFD9C463C7A}.Release|x86.ActiveCfg = Release|Any CPU
		{9D2B0997-FD61-46A5-91CA-DFFD9C463C7A}.Release|x86.Build.0 = Release|Any CPU
	EndGlobalSection
	GlobalSection(SolutionProperties) = preSolution
		HideSolutionNode = FALSE
	EndGlobalSection
EndGlobal
